
Microsoft Visual Studio Solution File, Format Version 12.00
# Visual Studio Version 17
VisualStudioVersion = 17.4.33205.214
MinimumVisualStudioVersion = 10.0.40219.1
Project("{9A19103F-16F7-4668-BE54-9A1E7A4F7556}") = "ShopCar", "ShopCar.csproj", "{C27EA3EB-443E-456C-8298-3C9F3A666A2F}"
EndProject
Project("{9A19103F-16F7-4668-BE54-9A1E7A4F7556}") = "Shop_Project.TestX", "..\Test\Shop_Project.TestX.csproj", "{5FC91174-450C-4F4D-B204-FA9D1EA2901C}"
EndProject
Global
	GlobalSection(SolutionConfigurationPlatforms) = preSolution
		Debug|Any CPU = Debug|Any CPU
		Release|Any CPU = Release|Any CPU
	EndGlobalSection
	GlobalSection(ProjectConfigurationPlatforms) = postSolution
		{C27EA3EB-443E-456C-8298-3C9F3A666A2F}.Debug|Any CPU.ActiveCfg = Debug|Any CPU
		{C27EA3EB-443E-456C-8298-3C9F3A666A2F}.Debug|Any CPU.Build.0 = Debug|Any CPU
		{C27EA3EB-443E-456C-8298-3C9F3A666A2F}.Release|Any CPU.ActiveCfg = Release|Any CPU
		{C27EA3EB-443E-456C-8298-3C9F3A666A2F}.Release|Any CPU.Build.0 = Release|Any CPU
		{5FC91174-450C-4F4D-B204-FA9D1EA2901C}.Debug|Any CPU.ActiveCfg = Debug|Any CPU
		{5FC91174-450C-4F4D-B204-FA9D1EA2901C}.Debug|Any CPU.Build.0 = Debug|Any CPU
		{5FC91174-450C-4F4D-B204-FA9D1EA2901C}.Release|Any CPU.ActiveCfg = Release|Any CPU
		{5FC91174-450C-4F4D-B204-FA9D1EA2901C}.Release|Any CPU.Build.0 = Release|Any CPU
	EndGlobalSection
	GlobalSection(SolutionProperties) = preSolution
		HideSolutionNode = FALSE
	EndGlobalSection
	GlobalSection(ExtensibilityGlobals) = postSolution
		SolutionGuid = {73F75AFA-0783-4A4C-B596-E31574F64B7B}
	EndGlobalSection
EndGlobal
